lockfileVersion: '9.0'

settings:
  autoInstallPeers: true
  excludeLinksFromLockfile: false

importers:

  .:
    dependencies:
      '@codemirror/autocomplete':
        specifier: ^6.18.4
        version: 6.18.4
      '@codemirror/commands':
        specifier: ^6.7.1
        version: 6.7.1
      '@codemirror/lang-css':
        specifier: ^6.3.1
        version: 6.3.1
      '@codemirror/lang-html':
        specifier: ^6.4.9
        version: 6.4.9
      '@codemirror/lang-javascript':
        specifier: ^6.2.2
        version: 6.2.2
      '@codemirror/language':
        specifier: ^6.10.8
        version: 6.10.8
      '@codemirror/state':
        specifier: ^6.5.0
        version: 6.5.0
      '@codemirror/view':
        specifier: ^6.36.1
        version: 6.36.1
      '@emmetio/codemirror6-plugin':
        specifier: ^0.4.0
        version: 0.4.0(@codemirror/autocomplete@6.18.4)(@codemirror/commands@6.7.1)(@codemirror/lang-css@6.3.1)(@codemirror/lang-html@6.4.9)(@codemirror/language@6.10.8)(@codemirror/state@6.5.0)(@codemirror/view@6.36.1)
      '@lezer/highlight':
        specifier: ^1.2.1
        version: 1.2.1
      '@overleaf/codemirror-tree-view':
        specifier: ^0.1.3
        version: 0.1.3(@codemirror/language@6.10.8)(@codemirror/state@6.5.0)(@codemirror/view@6.36.1)
      character-entities:
        specifier: ^2.0.2
        version: 2.0.2
      codemirror:
        specifier: ^6.0.1
        version: 6.0.1
      thememirror:
        specifier: ^2.0.1
        version: 2.0.1(@codemirror/language@6.10.8)(@codemirror/state@6.5.0)(@codemirror/view@6.36.1)

packages:

  '@codemirror/autocomplete@6.18.4':
    resolution: {integrity: sha512-sFAphGQIqyQZfP2ZBsSHV7xQvo9Py0rV0dW7W3IMRdS+zDuNb2l3no78CvUaWKGfzFjI4FTrLdUSj86IGb2hRA==}

  '@codemirror/commands@6.7.1':
    resolution: {integrity: sha512-llTrboQYw5H4THfhN4U3qCnSZ1SOJ60ohhz+SzU0ADGtwlc533DtklQP0vSFaQuCPDn3BPpOd1GbbnUtwNjsrw==}

  '@codemirror/lang-css@6.3.1':
    resolution: {integrity: sha512-kr5fwBGiGtmz6l0LSJIbno9QrifNMUusivHbnA1H6Dmqy4HZFte3UAICix1VuKo0lMPKQr2rqB+0BkKi/S3Ejg==}

  '@codemirror/lang-html@6.4.9':
    resolution: {integrity: sha512-aQv37pIMSlueybId/2PVSP6NPnmurFDVmZwzc7jszd2KAF8qd4VBbvNYPXWQq90WIARjsdVkPbw29pszmHws3Q==}

  '@codemirror/lang-javascript@6.2.2':
    resolution: {integrity: sha512-VGQfY+FCc285AhWuwjYxQyUQcYurWlxdKYT4bqwr3Twnd5wP5WSeu52t4tvvuWmljT4EmgEgZCqSieokhtY8hg==}

  '@codemirror/language@6.10.8':
    resolution: {integrity: sha512-wcP8XPPhDH2vTqf181U8MbZnW+tDyPYy0UzVOa+oHORjyT+mhhom9vBd7dApJwoDz9Nb/a8kHjJIsuA/t8vNFw==}

  '@codemirror/lint@6.8.4':
    resolution: {integrity: sha512-u4q7PnZlJUojeRe8FJa/njJcMctISGgPQ4PnWsd9268R4ZTtU+tfFYmwkBvgcrK2+QQ8tYFVALVb5fVJykKc5A==}

  '@codemirror/search@6.5.8':
    resolution: {integrity: sha512-PoWtZvo7c1XFeZWmmyaOp2G0XVbOnm+fJzvghqGAktBW3cufwJUWvSCcNG0ppXiBEM05mZu6RhMtXPv2hpllig==}

  '@codemirror/state@6.5.0':
    resolution: {integrity: sha512-MwBHVK60IiIHDcoMet78lxt6iw5gJOGSbNbOIVBHWVXIH4/Nq1+GQgLLGgI1KlnN86WDXsPudVaqYHKBIx7Eyw==}

  '@codemirror/view@6.36.1':
    resolution: {integrity: sha512-miD1nyT4m4uopZaDdO2uXU/LLHliKNYL9kB1C1wJHrunHLm/rpkb5QVSokqgw9hFqEZakrdlb/VGWX8aYZTslQ==}

  '@emmetio/abbreviation@2.3.3':
    resolution: {integrity: sha512-mgv58UrU3rh4YgbE/TzgLQwJ3pFsHHhCLqY20aJq+9comytTXUDNGG/SMtSeMJdkpxgXSXunBGLD8Boka3JyVA==}

  '@emmetio/codemirror6-plugin@0.4.0':
    resolution: {integrity: sha512-ZP3W8JvN0cEFTdsrcKPIBg/K9sadE15g//TfubPXfM28ZxUp3SwNASbRfRLRQmPyP73+pAZzLqeOwACUUz/oAw==}
    peerDependencies:
      '@codemirror/autocomplete': ^6.17.0
      '@codemirror/commands': ^6.6.0
      '@codemirror/lang-css': ^6.2.1
      '@codemirror/lang-html': ^6.4.9
      '@codemirror/language': ^6.10.2
      '@codemirror/state': ^6.4.1
      '@codemirror/view': ^6.29.1

  '@emmetio/css-abbreviation@2.1.8':
    resolution: {integrity: sha512-s9yjhJ6saOO/uk1V74eifykk2CBYi01STTK3WlXWGOepyKa23ymJ053+DNQjpFcy1ingpaO7AxCcwLvHFY9tuw==}

  '@emmetio/math-expression@1.0.5':
    resolution: {integrity: sha512-qf5SXD/ViS04rXSeDg9CRGM10xLC9dVaKIbMHrrwxYr5LNB/C0rOfokhGSBwnVQKcidLmdRJeNWH1V1tppZ84Q==}

  '@emmetio/scanner@1.0.4':
    resolution: {integrity: sha512-IqRuJtQff7YHHBk4G8YZ45uB9BaAGcwQeVzgj/zj8/UdOhtQpEIupUhSk8dys6spFIWVZVeK20CzGEnqR5SbqA==}

  '@lezer/common@1.2.3':
    resolution: {integrity: sha512-w7ojc8ejBqr2REPsWxJjrMFsA/ysDCFICn8zEOR9mrqzOu2amhITYuLD8ag6XZf0CFXDrhKqw7+tW8cX66NaDA==}

  '@lezer/css@1.1.9':
    resolution: {integrity: sha512-TYwgljcDv+YrV0MZFFvYFQHCfGgbPMR6nuqLabBdmZoFH3EP1gvw8t0vae326Ne3PszQkbXfVBjCnf3ZVCr0bA==}

  '@lezer/highlight@1.2.1':
    resolution: {integrity: sha512-Z5duk4RN/3zuVO7Jq0pGLJ3qynpxUVsh7IbUbGj88+uV2ApSAn6kWg2au3iJb+0Zi7kKtqffIESgNcRXWZWmSA==}

  '@lezer/html@1.3.10':
    resolution: {integrity: sha512-dqpT8nISx/p9Do3AchvYGV3qYc4/rKr3IBZxlHmpIKam56P47RSHkSF5f13Vu9hebS1jM0HmtJIwLbWz1VIY6w==}

  '@lezer/javascript@1.4.21':
    resolution: {integrity: sha512-lL+1fcuxWYPURMM/oFZLEDm0XuLN128QPV+VuGtKpeaOGdcl9F2LYC3nh1S9LkPqx9M0mndZFdXCipNAZpzIkQ==}

  '@lezer/lr@1.4.2':
    resolution: {integrity: sha512-pu0K1jCIdnQ12aWNaAVU5bzi7Bd1w54J3ECgANPmYLtQKP0HBj2cE/5coBD66MT10xbtIuUr7tg0Shbsvk0mDA==}

  '@marijn/find-cluster-break@1.0.2':
    resolution: {integrity: sha512-l0h88YhZFyKdXIFNfSWpyjStDjGHwZ/U7iobcK1cQQD8sejsONdQtTVU+1wVN1PBw40PiiHB1vA5S7VTfQiP9g==}

  '@overleaf/codemirror-tree-view@0.1.3':
    resolution: {integrity: sha512-/ysOnX+ovObqj0uR78tumQtK/y0qFwbawcCGxT9JDeyJPgfPrK3PYTIvoZ1SgmSxaXpOPkds7aL+4Hv6VWZqSw==}
    peerDependencies:
      '@codemirror/language': ^6.0.0
      '@codemirror/state': ^6.0.0
      '@codemirror/view': ^6.0.0

  character-entities@2.0.2:
    resolution: {integrity: sha512-shx7oQ0Awen/BRIdkjkvz54PnEEI/EjwXDSIZp86/KKdbafHh1Df/RYGBhn4hbe2+uKC9FnT5UCEdyPz3ai9hQ==}

  codemirror@6.0.1:
    resolution: {integrity: sha512-J8j+nZ+CdWmIeFIGXEFbFPtpiYacFMDR8GlHK3IyHQJMCaVRfGx9NT+Hxivv1ckLWPvNdZqndbr/7lVhrf/Svg==}

  crelt@1.0.6:
    resolution: {integrity: sha512-VQ2MBenTq1fWZUH9DJNGti7kKv6EeAuYr3cLwxUWhIu1baTaXh4Ib5W2CqHVqib4/MqbYGJqiL3Zb8GJZr3l4g==}

  emmet@2.4.11:
    resolution: {integrity: sha512-23QPJB3moh/U9sT4rQzGgeyyGIrcM+GH5uVYg2C6wZIxAIJq7Ng3QLT79tl8FUwDXhyq9SusfknOrofAKqvgyQ==}

  style-mod@4.1.2:
    resolution: {integrity: sha512-wnD1HyVqpJUI2+eKZ+eo1UwghftP6yuFheBqqe+bWCotBjC2K1YnteJILRMs3SM4V/0dLEW1SC27MWP5y+mwmw==}

  thememirror@2.0.1:
    resolution: {integrity: sha512-d5i6FVvWWPkwrm4cHLI3t9AT1OrkAt7Ig8dtdYSofgF7C/eiyNuq6zQzSTusWTde3jpW9WLvA9J/fzNKMUsd0w==}
    peerDependencies:
      '@codemirror/language': ^6.0.0
      '@codemirror/state': ^6.0.0
      '@codemirror/view': ^6.0.0

  w3c-keyname@2.2.8:
    resolution: {integrity: sha512-dpojBhNsCNN7T82Tm7k26A6G9ML3NkhDsnw9n/eoxSRlVBB4CEtIQ/KTCLI2Fwf3ataSXRhYFkQi3SlnFwPvPQ==}

snapshots:

  '@codemirror/autocomplete@6.18.4':
    dependencies:
      '@codemirror/language': 6.10.8
      '@codemirror/state': 6.5.0
      '@codemirror/view': 6.36.1
      '@lezer/common': 1.2.3

  '@codemirror/commands@6.7.1':
    dependencies:
      '@codemirror/language': 6.10.8
      '@codemirror/state': 6.5.0
      '@codemirror/view': 6.36.1
      '@lezer/common': 1.2.3

  '@codemirror/lang-css@6.3.1':
    dependencies:
      '@codemirror/autocomplete': 6.18.4
      '@codemirror/language': 6.10.8
      '@codemirror/state': 6.5.0
      '@lezer/common': 1.2.3
      '@lezer/css': 1.1.9

  '@codemirror/lang-html@6.4.9':
    dependencies:
      '@codemirror/autocomplete': 6.18.4
      '@codemirror/lang-css': 6.3.1
      '@codemirror/lang-javascript': 6.2.2
      '@codemirror/language': 6.10.8
      '@codemirror/state': 6.5.0
      '@codemirror/view': 6.36.1
      '@lezer/common': 1.2.3
      '@lezer/css': 1.1.9
      '@lezer/html': 1.3.10

  '@codemirror/lang-javascript@6.2.2':
    dependencies:
      '@codemirror/autocomplete': 6.18.4
      '@codemirror/language': 6.10.8
      '@codemirror/lint': 6.8.4
      '@codemirror/state': 6.5.0
      '@codemirror/view': 6.36.1
      '@lezer/common': 1.2.3
      '@lezer/javascript': 1.4.21

  '@codemirror/language@6.10.8':
    dependencies:
      '@codemirror/state': 6.5.0
      '@codemirror/view': 6.36.1
      '@lezer/common': 1.2.3
      '@lezer/highlight': 1.2.1
      '@lezer/lr': 1.4.2
      style-mod: 4.1.2

  '@codemirror/lint@6.8.4':
    dependencies:
      '@codemirror/state': 6.5.0
      '@codemirror/view': 6.36.1
      crelt: 1.0.6

  '@codemirror/search@6.5.8':
    dependencies:
      '@codemirror/state': 6.5.0
      '@codemirror/view': 6.36.1
      crelt: 1.0.6

  '@codemirror/state@6.5.0':
    dependencies:
      '@marijn/find-cluster-break': 1.0.2

  '@codemirror/view@6.36.1':
    dependencies:
      '@codemirror/state': 6.5.0
      style-mod: 4.1.2
      w3c-keyname: 2.2.8

  '@emmetio/abbreviation@2.3.3':
    dependencies:
      '@emmetio/scanner': 1.0.4

  '@emmetio/codemirror6-plugin@0.4.0(@codemirror/autocomplete@6.18.4)(@codemirror/commands@6.7.1)(@codemirror/lang-css@6.3.1)(@codemirror/lang-html@6.4.9)(@codemirror/language@6.10.8)(@codemirror/state@6.5.0)(@codemirror/view@6.36.1)':
    dependencies:
      '@codemirror/autocomplete': 6.18.4
      '@codemirror/commands': 6.7.1
      '@codemirror/lang-css': 6.3.1
      '@codemirror/lang-html': 6.4.9
      '@codemirror/language': 6.10.8
      '@codemirror/state': 6.5.0
      '@codemirror/view': 6.36.1
      '@emmetio/math-expression': 1.0.5
      emmet: 2.4.11

  '@emmetio/css-abbreviation@2.1.8':
    dependencies:
      '@emmetio/scanner': 1.0.4

  '@emmetio/math-expression@1.0.5':
    dependencies:
      '@emmetio/scanner': 1.0.4

  '@emmetio/scanner@1.0.4': {}

  '@lezer/common@1.2.3': {}

  '@lezer/css@1.1.9':
    dependencies:
      '@lezer/common': 1.2.3
      '@lezer/highlight': 1.2.1
      '@lezer/lr': 1.4.2

  '@lezer/highlight@1.2.1':
    dependencies:
      '@lezer/common': 1.2.3

  '@lezer/html@1.3.10':
    dependencies:
      '@lezer/common': 1.2.3
      '@lezer/highlight': 1.2.1
      '@lezer/lr': 1.4.2

  '@lezer/javascript@1.4.21':
    dependencies:
      '@lezer/common': 1.2.3
      '@lezer/highlight': 1.2.1
      '@lezer/lr': 1.4.2

  '@lezer/lr@1.4.2':
    dependencies:
      '@lezer/common': 1.2.3

  '@marijn/find-cluster-break@1.0.2': {}

  '@overleaf/codemirror-tree-view@0.1.3(@codemirror/language@6.10.8)(@codemirror/state@6.5.0)(@codemirror/view@6.36.1)':
    dependencies:
      '@codemirror/language': 6.10.8
      '@codemirror/state': 6.5.0
      '@codemirror/view': 6.36.1

  character-entities@2.0.2: {}

  codemirror@6.0.1:
    dependencies:
      '@codemirror/autocomplete': 6.18.4
      '@codemirror/commands': 6.7.1
      '@codemirror/language': 6.10.8
      '@codemirror/lint': 6.8.4
      '@codemirror/search': 6.5.8
      '@codemirror/state': 6.5.0
      '@codemirror/view': 6.36.1

  crelt@1.0.6: {}

  emmet@2.4.11:
    dependencies:
      '@emmetio/abbreviation': 2.3.3
      '@emmetio/css-abbreviation': 2.1.8

  style-mod@4.1.2: {}

  thememirror@2.0.1(@codemirror/language@6.10.8)(@codemirror/state@6.5.0)(@codemirror/view@6.36.1):
    dependencies:
      '@codemirror/language': 6.10.8
      '@codemirror/state': 6.5.0
      '@codemirror/view': 6.36.1

  w3c-keyname@2.2.8: {}
