lockfileVersion: '9.0'

settings:
  autoInstallPeers: true
  excludeLinksFromLockfile: false

importers:

  .:
    devDependencies:
      '@codemirror/commands':
        specifier: ^6.7.1
        version: 6.7.1
      '@codemirror/state':
        specifier: ^6.5.0
        version: 6.5.0
      '@codemirror/view':
        specifier: ^6.36.1
        version: 6.36.1

packages:

  '@codemirror/commands@6.7.1':
    resolution: {integrity: sha512-llTrboQYw5H4THfhN4U3qCnSZ1SOJ60ohhz+SzU0ADGtwlc533DtklQP0vSFaQuCPDn3BPpOd1GbbnUtwNjsrw==}

  '@codemirror/language@6.10.7':
    resolution: {integrity: sha512-aOswhVOLYhMNeqykt4P7+ukQSpGL0ynZYaEyFDVHE7fl2xgluU3yuE9MdgYNfw6EmaNidoFMIQ2iTh1ADrnT6A==}

  '@codemirror/state@6.5.0':
    resolution: {integrity: sha512-MwBHVK60IiIHDcoMet78lxt6iw5gJOGSbNbOIVBHWVXIH4/Nq1+GQgLLGgI1KlnN86WDXsPudVaqYHKBIx7Eyw==}

  '@codemirror/view@6.36.1':
    resolution: {integrity: sha512-miD1nyT4m4uopZaDdO2uXU/LLHliKNYL9kB1C1wJHrunHLm/rpkb5QVSokqgw9hFqEZakrdlb/VGWX8aYZTslQ==}

  '@lezer/common@1.2.3':
    resolution: {integrity: sha512-w7ojc8ejBqr2REPsWxJjrMFsA/ysDCFICn8zEOR9mrqzOu2amhITYuLD8ag6XZf0CFXDrhKqw7+tW8cX66NaDA==}

  '@lezer/highlight@1.2.1':
    resolution: {integrity: sha512-Z5duk4RN/3zuVO7Jq0pGLJ3qynpxUVsh7IbUbGj88+uV2ApSAn6kWg2au3iJb+0Zi7kKtqffIESgNcRXWZWmSA==}

  '@lezer/lr@1.4.2':
    resolution: {integrity: sha512-pu0K1jCIdnQ12aWNaAVU5bzi7Bd1w54J3ECgANPmYLtQKP0HBj2cE/5coBD66MT10xbtIuUr7tg0Shbsvk0mDA==}

  '@marijn/find-cluster-break@1.0.2':
    resolution: {integrity: sha512-l0h88YhZFyKdXIFNfSWpyjStDjGHwZ/U7iobcK1cQQD8sejsONdQtTVU+1wVN1PBw40PiiHB1vA5S7VTfQiP9g==}

  style-mod@4.1.2:
    resolution: {integrity: sha512-wnD1HyVqpJUI2+eKZ+eo1UwghftP6yuFheBqqe+bWCotBjC2K1YnteJILRMs3SM4V/0dLEW1SC27MWP5y+mwmw==}

  w3c-keyname@2.2.8:
    resolution: {integrity: sha512-dpojBhNsCNN7T82Tm7k26A6G9ML3NkhDsnw9n/eoxSRlVBB4CEtIQ/KTCLI2Fwf3ataSXRhYFkQi3SlnFwPvPQ==}

snapshots:

  '@codemirror/commands@6.7.1':
    dependencies:
      '@codemirror/language': 6.10.7
      '@codemirror/state': 6.5.0
      '@codemirror/view': 6.36.1
      '@lezer/common': 1.2.3

  '@codemirror/language@6.10.7':
    dependencies:
      '@codemirror/state': 6.5.0
      '@codemirror/view': 6.36.1
      '@lezer/common': 1.2.3
      '@lezer/highlight': 1.2.1
      '@lezer/lr': 1.4.2
      style-mod: 4.1.2

  '@codemirror/state@6.5.0':
    dependencies:
      '@marijn/find-cluster-break': 1.0.2

  '@codemirror/view@6.36.1':
    dependencies:
      '@codemirror/state': 6.5.0
      style-mod: 4.1.2
      w3c-keyname: 2.2.8

  '@lezer/common@1.2.3': {}

  '@lezer/highlight@1.2.1':
    dependencies:
      '@lezer/common': 1.2.3

  '@lezer/lr@1.4.2':
    dependencies:
      '@lezer/common': 1.2.3

  '@marijn/find-cluster-break@1.0.2': {}

  style-mod@4.1.2: {}

  w3c-keyname@2.2.8: {}
